// !$*UTF8*$!
{
	archiveVersion = 1;
	classes = {
	};
	objectVersion = 48;
	objects = {

/* Begin PBXBuildFile section */
		284C7F881FA25A3A00747B3A /* AppDelegate.swift in Sources */ = {isa = PBXBuildFile; fileRef = 284C7F871FA25A3A00747B3A /* AppDelegate.swift */; };
		284C7F8A1FA25A3A00747B3A /* ViewController.swift in Sources */ = {isa = PBXBuildFile; fileRef = 284C7F891FA25A3A00747B3A /* ViewController.swift */; };
		284C7F8D1FA25A3A00747B3A /* Main.storyboard in Resources */ = {isa = PBXBuildFile; fileRef = 284C7F8B1FA25A3A00747B3A /* Main.storyboard */; };
		284C7F8F1FA25A3A00747B3A /* Assets.xcassets in Resources */ = {isa = PBXBuildFile; fileRef = 284C7F8E1FA25A3A00747B3A /* Assets.xcassets */; };
		284C7F921FA25A3A00747B3A /* LaunchScreen.storyboard in Resources */ = {isa = PBXBuildFile; fileRef = 284C7F901FA25A3A00747B3A /* LaunchScreen.storyboard */; };
		284C7F9E1FA25BE700747B3A /* CreativityController.swift in Sources */ = {isa = PBXBuildFile; fileRef = 284C7F9D1FA25BE700747B3A /* CreativityController.swift */; };
		284C7FA41FA25C7E00747B3A /* DataController.swift in Sources */ = {isa = PBXBuildFile; fileRef = 284C7FA31FA25C7E00747B3A /* DataController.swift */; };
		284C7FA61FA25C9A00747B3A /* AlgorithmsController.swift in Sources */ = {isa = PBXBuildFile; fileRef = 284C7FA51FA25C9A00747B3A /* AlgorithmsController.swift */; };
		284C7FA81FA25CAE00747B3A /* ProgrammingController.swift in Sources */ = {isa = PBXBuildFile; fileRef = 284C7FA71FA25CAE00747B3A /* ProgrammingController.swift */; };
		284C7FAA1FA25CF300747B3A /* InternetMasterViewController.swift in Sources */ = {isa = PBXBuildFile; fileRef = 284C7FA91FA25CF300747B3A /* InternetMasterViewController.swift */; };
		2867E9EE1FCC983D000A5B33 /* AbstractionViewController.swift in Sources */ = {isa = PBXBuildFile; fileRef = 2867E9ED1FCC983D000A5B33 /* AbstractionViewController.swift */; };
		2882161A1FC35FB10027EDEC /* Crushable.swift in Sources */ = {isa = PBXBuildFile; fileRef = 288216191FC35FB10027EDEC /* Crushable.swift */; };
		2882161C1FC360280027EDEC /* Cheese.swift in Sources */ = {isa = PBXBuildFile; fileRef = 2882161B1FC360280027EDEC /* Cheese.swift */; };
		28A06A3D1FB641D300CE30BB /* GlobalImpactViewController.swift in Sources */ = {isa = PBXBuildFile; fileRef = 28A06A3C1FB641D300CE30BB /* GlobalImpactViewController.swift */; };
/* End PBXBuildFile section */

/* Begin PBXFileReference section */
		284C7F841FA25A3A00747B3A /* EthanN_CSP.app */ = {isa = PBXFileReference; explicitFileType = wrapper.application; includeInIndex = 0; path = EthanN_CSP.app; sourceTree = BUILT_PRODUCTS_DIR; };
		284C7F871FA25A3A00747B3A /* AppDelegate.swift */ = {isa = PBXFileReference; lastKnownFileType = sourcecode.swift; path = AppDelegate.swift; sourceTree = "<group>"; };
		284C7F891FA25A3A00747B3A /* ViewController.swift */ = {isa = PBXFileReference; lastKnownFileType = sourcecode.swift; path = ViewController.swift; sourceTree = "<group>"; };
		284C7F8C1FA25A3A00747B3A /* Base */ = {isa = PBXFileReference; lastKnownFileType = file.storyboard; name = Base; path = Base.lproj/Main.storyboard; sourceTree = "<group>"; };
		284C7F8E1FA25A3A00747B3A /* Assets.xcassets */ = {isa = PBXFileReference; lastKnownFileType = folder.assetcatalog; path = Assets.xcassets; sourceTree = "<group>"; };
		284C7F911FA25A3A00747B3A /* Base */ = {isa = PBXFileReference; lastKnownFileType = file.storyboard; name = Base; path = Base.lproj/LaunchScreen.storyboard; sourceTree = "<group>"; };
		284C7F931FA25A3A00747B3A /* Info.plist */ = {isa = PBXFileReference; lastKnownFileType = text.plist.xml; path = Info.plist; sourceTree = "<group>"; };
		284C7F9D1FA25BE700747B3A /* CreativityController.swift */ = {isa = PBXFileReference; lastKnownFileType = sourcecode.swift; path = CreativityController.swift; sourceTree = "<group>"; };
		284C7FA31FA25C7E00747B3A /* DataController.swift */ = {isa = PBXFileReference; lastKnownFileType = sourcecode.swift; path = DataController.swift; sourceTree = "<group>"; };
		284C7FA51FA25C9A00747B3A /* AlgorithmsController.swift */ = {isa = PBXFileReference; lastKnownFileType = sourcecode.swift; path = AlgorithmsController.swift; sourceTree = "<group>"; };
		284C7FA71FA25CAE00747B3A /* ProgrammingController.swift */ = {isa = PBXFileReference; lastKnownFileType = sourcecode.swift; path = ProgrammingController.swift; sourceTree = "<group>"; };
		284C7FA91FA25CF300747B3A /* InternetMasterViewController.swift */ = {isa = PBXFileReference; lastKnownFileType = sourcecode.swift; path = InternetMasterViewController.swift; sourceTree = "<group>"; };
		2867E9ED1FCC983D000A5B33 /* AbstractionViewController.swift */ = {isa = PBXFileReference; lastKnownFileType = sourcecode.swift; path = AbstractionViewController.swift; sourceTree = "<group>"; };
		288216191FC35FB10027EDEC /* Crushable.swift */ = {isa = PBXFileReference; lastKnownFileType = sourcecode.swift; path = Crushable.swift; sourceTree = "<group>"; };
		2882161B1FC360280027EDEC /* Cheese.swift */ = {isa = PBXFileReference; lastKnownFileType = sourcecode.swift; path = Cheese.swift; sourceTree = "<group>"; };
		28A06A3C1FB641D300CE30BB /* GlobalImpactViewController.swift */ = {isa = PBXFileReference; lastKnownFileType = sourcecode.swift; path = GlobalImpactViewController.swift; sourceTree = "<group>"; };
/* End PBXFileReference section */

/* Begin PBXFrameworksBuildPhase section */
		284C7F811FA25A3A00747B3A /* Frameworks */ = {
			isa = PBXFrameworksBuildPhase;
			buildActionMask = 2147483647;
			files = (
			);
			runOnlyForDeploymentPostprocessing = 0;
		};
/* End PBXFrameworksBuildPhase section */

/* Begin PBXGroup section */
		284C7F7B1FA25A3A00747B3A = {
			isa = PBXGroup;
			children = (
				284C7F861FA25A3A00747B3A /* EthanN_CSP */,
				284C7F851FA25A3A00747B3A /* Products */,
			);
			sourceTree = "<group>";
		};
		284C7F851FA25A3A00747B3A /* Products */ = {
			isa = PBXGroup;
			children = (
				284C7F841FA25A3A00747B3A /* EthanN_CSP.app */,
			);
			name = Products;
			sourceTree = "<group>";
		};
		284C7F861FA25A3A00747B3A /* EthanN_CSP */ = {
			isa = PBXGroup;
			children = (
				284C7F991FA25A4900747B3A /* Controller */,
				284C7F9B1FA25A6700747B3A /* View */,
				284C7F9C1FA25A7F00747B3A /* Model */,
				284C7F9A1FA25A4B00747B3A /* Resources */,
			);
			path = EthanN_CSP;
			sourceTree = "<group>";
		};
		284C7F991FA25A4900747B3A /* Controller */ = {
			isa = PBXGroup;
			children = (
				284C7F891FA25A3A00747B3A /* ViewController.swift */,
				284C7F871FA25A3A00747B3A /* AppDelegate.swift */,
				284C7F9D1FA25BE700747B3A /* CreativityController.swift */,
				284C7FA31FA25C7E00747B3A /* DataController.swift */,
				284C7FA51FA25C9A00747B3A /* AlgorithmsController.swift */,
				284C7FA71FA25CAE00747B3A /* ProgrammingController.swift */,
				284C7FA91FA25CF300747B3A /* InternetMasterViewController.swift */,
				28A06A3C1FB641D300CE30BB /* GlobalImpactViewController.swift */,
				2867E9ED1FCC983D000A5B33 /* AbstractionViewController.swift */,
			);
			name = Controller;
			sourceTree = "<group>";
		};
		284C7F9A1FA25A4B00747B3A /* Resources */ = {
			isa = PBXGroup;
			children = (
				284C7F931FA25A3A00747B3A /* Info.plist */,
				284C7F8E1FA25A3A00747B3A /* Assets.xcassets */,
			);
			path = Resources;
			sourceTree = "<group>";
		};
		284C7F9B1FA25A6700747B3A /* View */ = {
			isa = PBXGroup;
			children = (
				284C7F901FA25A3A00747B3A /* LaunchScreen.storyboard */,
				284C7F8B1FA25A3A00747B3A /* Main.storyboard */,
			);
			name = View;
			sourceTree = "<group>";
		};
		284C7F9C1FA25A7F00747B3A /* Model */ = {
			isa = PBXGroup;
			children = (
				288216191FC35FB10027EDEC /* Crushable.swift */,
				2882161B1FC360280027EDEC /* Cheese.swift */,
			);
			path = Model;
			sourceTree = "<group>";
		};
/* End PBXGroup section */

/* Begin PBXNativeTarget section */
		284C7F831FA25A3A00747B3A /* EthanN_CSP */ = {
			isa = PBXNativeTarget;
			buildConfigurationList = 284C7F961FA25A3A00747B3A /* Build configuration list for PBXNativeTarget "EthanN_CSP" */;
			buildPhases = (
				284C7F801FA25A3A00747B3A /* Sources */,
				284C7F811FA25A3A00747B3A /* Frameworks */,
				284C7F821FA25A3A00747B3A /* Resources */,
			);
			buildRules = (
			);
			dependencies = (
			);
			name = EthanN_CSP;
			productName = EthanN_CSP;
			productReference = 284C7F841FA25A3A00747B3A /* EthanN_CSP.app */;
			productType = "com.apple.product-type.application";
		};
/* End PBXNativeTarget section */

/* Begin PBXProject section */
		284C7F7C1FA25A3A00747B3A /* Project object */ = {
			isa = PBXProject;
			attributes = {
				LastSwiftUpdateCheck = 0900;
				LastUpgradeCheck = 0900;
				ORGANIZATIONNAME = Ctech;
				TargetAttributes = {
					284C7F831FA25A3A00747B3A = {
						CreatedOnToolsVersion = 9.0;
						ProvisioningStyle = Automatic;
					};
				};
			};
			buildConfigurationList = 284C7F7F1FA25A3A00747B3A /* Build configuration list for PBXProject "EthanN_CSP" */;
			compatibilityVersion = "Xcode 8.0";
			developmentRegion = en;
			hasScannedForEncodings = 0;
			knownRegions = (
				en,
				Base,
			);
			mainGroup = 284C7F7B1FA25A3A00747B3A;
			productRefGroup = 284C7F851FA25A3A00747B3A /* Products */;
			projectDirPath = "";
			projectRoot = "";
			targets = (
				284C7F831FA25A3A00747B3A /* EthanN_CSP */,
			);
		};
/* End PBXProject section */

/* Begin PBXResourcesBuildPhase section */
		284C7F821FA25A3A00747B3A /* Resources */ = {
			isa = PBXResourcesBuildPhase;
			buildActionMask = 2147483647;
			files = (
				284C7F921FA25A3A00747B3A /* LaunchScreen.storyboard in Resources */,
				284C7F8F1FA25A3A00747B3A /* Assets.xcassets in Resources */,
				284C7F8D1FA25A3A00747B3A /* Main.storyboard in Resources */,
			);
			runOnlyForDeploymentPostprocessing = 0;
		};
/* End PBXResourcesBuildPhase section */

/* Begin PBXSourcesBuildPhase section */
		284C7F801FA25A3A00747B3A /* Sources */ = {
			isa = PBXSourcesBuildPhase;
			buildActionMask = 2147483647;
			files = (
				284C7FAA1FA25CF300747B3A /* InternetMasterViewController.swift in Sources */,
				284C7FA41FA25C7E00747B3A /* DataController.swift in Sources */,
				284C7FA81FA25CAE00747B3A /* ProgrammingController.swift in Sources */,
				2867E9EE1FCC983D000A5B33 /* AbstractionViewController.swift in Sources */,
				284C7FA61FA25C9A00747B3A /* AlgorithmsController.swift in Sources */,
				2882161A1FC35FB10027EDEC /* Crushable.swift in Sources */,
				2882161C1FC360280027EDEC /* Cheese.swift in Sources */,
				284C7F9E1FA25BE700747B3A /* CreativityController.swift in Sources */,
				284C7F8A1FA25A3A00747B3A /* ViewController.swift in Sources */,
				284C7F881FA25A3A00747B3A /* AppDelegate.swift in Sources */,
				28A06A3D1FB641D300CE30BB /* GlobalImpactViewController.swift in Sources */,
			);
			runOnlyForDeploymentPostprocessing = 0;
		};
/* End PBXSourcesBuildPhase section */

/* Begin PBXVariantGroup section */
		284C7F8B1FA25A3A00747B3A /* Main.storyboard */ = {
			isa = PBXVariantGroup;
			children = (
				284C7F8C1FA25A3A00747B3A /* Base */,
			);
			name = Main.storyboard;
			sourceTree = "<group>";
		};
		284C7F901FA25A3A00747B3A /* LaunchScreen.storyboard */ = {
			isa = PBXVariantGroup;
			children = (
				284C7F911FA25A3A00747B3A /* Base */,
			);
			name = LaunchScreen.storyboard;
			sourceTree = "<group>";
		};
/* End PBXVariantGroup section */

/* Begin XCBuildConfiguration section */
		284C7F941FA25A3A00747B3A /* Debug */ = {
			isa = XCBuildConfiguration;
			buildSettings = {
				ALWAYS_SEARCH_USER_PATHS = NO;
				CLANG_ANALYZER_NONNULL = YES;
				CLANG_ANALYZER_NUMBER_OBJECT_CONVERSION = YES_AGGRESSIVE;
				CLANG_CXX_LANGUAGE_STANDARD = "gnu++14";
				CLANG_CXX_LIBRARY = "libc++";
				CLANG_ENABLE_MODULES = YES;
				CLANG_ENABLE_OBJC_ARC = YES;
				CLANG_WARN_BLOCK_CAPTURE_AUTORELEASING = YES;
				CLANG_WARN_BOOL_CONVERSION = YES;
				CLANG_WARN_COMMA = YES;
				CLANG_WARN_CONSTANT_CONVERSION = YES;
				CLANG_WARN_DIRECT_OBJC_ISA_USAGE = YES_ERROR;
				CLANG_WARN_DOCUMENTATION_COMMENTS = YES;
				CLANG_WARN_EMPTY_BODY = YES;
				CLANG_WARN_ENUM_CONVERSION = YES;
				CLANG_WARN_INFINITE_RECURSION = YES;
				CLANG_WARN_INT_CONVERSION = YES;
				CLANG_WARN_NON_LITERAL_NULL_CONVERSION = YES;
				CLANG_WARN_OBJC_LITERAL_CONVERSION = YES;
				CLANG_WARN_OBJC_ROOT_CLASS = YES_ERROR;
				CLANG_WARN_RANGE_LOOP_ANALYSIS = YES;
				CLANG_WARN_STRICT_PROTOTYPES = YES;
				CLANG_WARN_SUSPICIOUS_MOVE = YES;
				CLANG_WARN_UNGUARDED_AVAILABILITY = YES_AGGRESSIVE;
				CLANG_WARN_UNREACHABLE_CODE = YES;
				CLANG_WARN__DUPLICATE_METHOD_MATCH = YES;
				CODE_SIGN_IDENTITY = "iPhone Developer";
				COPY_PHASE_STRIP = NO;
				DEBUG_INFORMATION_FORMAT = dwarf;
				ENABLE_STRICT_OBJC_MSGSEND = YES;
				ENABLE_TESTABILITY = YES;
				GCC_C_LANGUAGE_STANDARD = gnu11;
				GCC_DYNAMIC_NO_PIC = NO;
				GCC_NO_COMMON_BLOCKS = YES;
				GCC_OPTIMIZATION_LEVEL = 0;
				GCC_PREPROCESSOR_DEFINITIONS = (
					"DEBUG=1",
					"$(inherited)",
				);
				GCC_WARN_64_TO_32_BIT_CONVERSION = YES;
				GCC_WARN_ABOUT_RETURN_TYPE = YES_ERROR;
				GCC_WARN_UNDECLARED_SELECTOR = YES;
				GCC_WARN_UNINITIALIZED_AUTOS = YES_AGGRESSIVE;
				GCC_WARN_UNUSED_FUNCTION = YES;
				GCC_WARN_UNUSED_VARIABLE = YES;
				IPHONEOS_DEPLOYMENT_TARGET = 11.0;
				MTL_ENABLE_DEBUG_INFO = YES;
				ONLY_ACTIVE_ARCH = YES;
				SDKROOT = iphoneos;
				SWIFT_ACTIVE_COMPILATION_CONDITIONS = DEBUG;
				SWIFT_OPTIMIZATION_LEVEL = "-Onone";
			};
			name = Debug;
		};
		284C7F951FA25A3A00747B3A /* Release */ = {
			isa = XCBuildConfiguration;
			buildSettings = {
				ALWAYS_SEARCH_USER_PATHS = NO;
				CLANG_ANALYZER_NONNULL = YES;
				CLANG_ANALYZER_NUMBER_OBJECT_CONVERSION = YES_AGGRESSIVE;
				CLANG_CXX_LANGUAGE_STANDARD = "gnu++14";
				CLANG_CXX_LIBRARY = "libc++";
				CLANG_ENABLE_MODULES = YES;
				CLANG_ENABLE_OBJC_ARC = YES;
				CLANG_WARN_BLOCK_CAPTURE_AUTORELEASING = YES;
				CLANG_WARN_BOOL_CONVERSION = YES;
				CLANG_WARN_COMMA = YES;
				CLANG_WARN_CONSTANT_CONVERSION = YES;
				CLANG_WARN_DIRECT_OBJC_ISA_USAGE = YES_ERROR;
				CLANG_WARN_DOCUMENTATION_COMMENTS = YES;
				CLANG_WARN_EMPTY_BODY = YES;
				CLANG_WARN_ENUM_CONVERSION = YES;
				CLANG_WARN_INFINITE_RECURSION = YES;
				CLANG_WARN_INT_CONVERSION = YES;
				CLANG_WARN_NON_LITERAL_NULL_CONVERSION = YES;
				CLANG_WARN_OBJC_LITERAL_CONVERSION = YES;
				CLANG_WARN_OBJC_ROOT_CLASS = YES_ERROR;
				CLANG_WARN_RANGE_LOOP_ANALYSIS = YES;
				CLANG_WARN_STRICT_PROTOTYPES = YES;
				CLANG_WARN_SUSPICIOUS_MOVE = YES;
				CLANG_WARN_UNGUARDED_AVAILABILITY = YES_AGGRESSIVE;
				CLANG_WARN_UNREACHABLE_CODE = YES;
				CLANG_WARN__DUPLICATE_METHOD_MATCH = YES;
				CODE_SIGN_IDENTITY = "iPhone Developer";
				COPY_PHASE_STRIP = NO;
				DEBUG_INFORMATION_FORMAT = "dwarf-with-dsym";
				ENABLE_NS_ASSERTIONS = NO;
				ENABLE_STRICT_OBJC_MSGSEND = YES;
				GCC_C_LANGUAGE_STANDARD = gnu11;
				GCC_NO_COMMON_BLOCKS = YES;
				GCC_WARN_64_TO_32_BIT_CONVERSION = YES;
				GCC_WARN_ABOUT_RETURN_TYPE = YES_ERROR;
				GCC_WARN_UNDECLARED_SELECTOR = YES;
				GCC_WARN_UNINITIALIZED_AUTOS = YES_AGGRESSIVE;
				GCC_WARN_UNUSED_FUNCTION = YES;
				GCC_WARN_UNUSED_VARIABLE = YES;
				IPHONEOS_DEPLOYMENT_TARGET = 11.0;
				MTL_ENABLE_DEBUG_INFO = NO;
				SDKROOT = iphoneos;
				SWIFT_OPTIMIZATION_LEVEL = "-Owholemodule";
				VALIDATE_PRODUCT = YES;
			};
			name = Release;
		};
		284C7F971FA25A3A00747B3A /* Debug */ = {
			isa = XCBuildConfiguration;
			buildSettings = {
				ASSETCATALOG_COMPILER_APPICON_NAME = AppIcon;
				CODE_SIGN_STYLE = Automatic;
				INFOPLIST_FILE = "$(SRCROOT)/EthanN_CSP/Resources/Info.plist";
				LD_RUNPATH_SEARCH_PATHS = "$(inherited) @executable_path/Frameworks";
				PRODUCT_BUNDLE_IDENTIFIER = "Ctech.EthanN-CSP";
				PRODUCT_NAME = "$(TARGET_NAME)";
				SWIFT_VERSION = 4.0;
				TARGETED_DEVICE_FAMILY = "1,2";
			};
			name = Debug;
		};
		284C7F981FA25A3A00747B3A /* Release */ = {
			isa = XCBuildConfiguration;
			buildSettings = {
				ASSETCATALOG_COMPILER_APPICON_NAME = AppIcon;
				CODE_SIGN_STYLE = Automatic;
				INFOPLIST_FILE = "$(SRCROOT)/EthanN_CSP/Resources/Info.plist";
				LD_RUNPATH_SEARCH_PATHS = "$(inherited) @executable_path/Frameworks";
				PRODUCT_BUNDLE_IDENTIFIER = "Ctech.EthanN-CSP";
				PRODUCT_NAME = "$(TARGET_NAME)";
				SWIFT_VERSION = 4.0;
				TARGETED_DEVICE_FAMILY = "1,2";
			};
			name = Release;
		};
/* End XCBuildConfiguration section */

/* Begin XCConfigurationList section */
		284C7F7F1FA25A3A00747B3A /* Build configuration list for PBXProject "EthanN_CSP" */ = {
			isa = XCConfigurationList;
			buildConfigurations = (
				284C7F941FA25A3A00747B3A /* Debug */,
				284C7F951FA25A3A00747B3A /* Release */,
			);
			defaultConfigurationIsVisible = 0;
			defaultConfigurationName = Release;
		};
		284C7F961FA25A3A00747B3A /* Build configuration list for PBXNativeTarget "EthanN_CSP" */ = {
			isa = XCConfigurationList;
			buildConfigurations = (
				284C7F971FA25A3A00747B3A /* Debug */,
				284C7F981FA25A3A00747B3A /* Release */,
			);
			defaultConfigurationIsVisible = 0;
			defaultConfigurationName = Release;
		};
/* End XCConfigurationList section */
	};
	rootObject = 284C7F7C1FA25A3A00747B3A /* Project object */;
}
